// !$*UTF8*$!
{
	archiveVersion = 1;
	classes = {
	};
	objectVersion = 50;
	objects = {

/* Begin PBXBuildFile section */
		03FC42C725D2469500E1F8E9 /* AppDelegate.swift in Sources */ = {isa = PBXBuildFile; fileRef = 03FC42C625D2469500E1F8E9 /* AppDelegate.swift */; };
		03FC42C925D2469500E1F8E9 /* SceneDelegate.swift in Sources */ = {isa = PBXBuildFile; fileRef = 03FC42C825D2469500E1F8E9 /* SceneDelegate.swift */; };
		03FC42CE25D2469500E1F8E9 /* Main.storyboard in Resources */ = {isa = PBXBuildFile; fileRef = 03FC42CC25D2469500E1F8E9 /* Main.storyboard */; };
		03FC42D025D2469900E1F8E9 /* Assets.xcassets in Resources */ = {isa = PBXBuildFile; fileRef = 03FC42CF25D2469900E1F8E9 /* Assets.xcassets */; };
		03FC42D325D2469900E1F8E9 /* LaunchScreen.storyboard in Resources */ = {isa = PBXBuildFile; fileRef = 03FC42D125D2469900E1F8E9 /* LaunchScreen.storyboard */; };
		03FC42E525D246FC00E1F8E9 /* Calculator.swift in Sources */ = {isa = PBXBuildFile; fileRef = 03FC42E425D246FC00E1F8E9 /* Calculator.swift */; };
		03FC42EB25D247EB00E1F8E9 /* StyleGuide.swift in Sources */ = {isa = PBXBuildFile; fileRef = 03FC42EA25D247EB00E1F8E9 /* StyleGuide.swift */; };
		03FC42EE25D2481800E1F8E9 /* Colors.xcassets in Resources */ = {isa = PBXBuildFile; fileRef = 03FC42ED25D2481800E1F8E9 /* Colors.xcassets */; };
		03FC42F325D24CAF00E1F8E9 /* CalculatorTextField.swift in Sources */ = {isa = PBXBuildFile; fileRef = 03FC42F225D24CAF00E1F8E9 /* CalculatorTextField.swift */; };
		03FC42F825D24CD100E1F8E9 /* CalculatorLabel.swift in Sources */ = {isa = PBXBuildFile; fileRef = 03FC42F725D24CD100E1F8E9 /* CalculatorLabel.swift */; };
		03FC42FD25D24CF700E1F8E9 /* CalculatorButton.swift in Sources */ = {isa = PBXBuildFile; fileRef = 03FC42FC25D24CF700E1F8E9 /* CalculatorButton.swift */; };
		03FC430125D24D1400E1F8E9 /* TipCalculatorViewController.swift in Sources */ = {isa = PBXBuildFile; fileRef = 03FC430025D24D1400E1F8E9 /* TipCalculatorViewController.swift */; };
/* End PBXBuildFile section */

/* Begin PBXFileReference section */
		03FC42C325D2469500E1F8E9 /* TipCalculator.app */ = {isa = PBXFileReference; explicitFileType = wrapper.application; includeInIndex = 0; path = TipCalculator.app; sourceTree = BUILT_PRODUCTS_DIR; };
		03FC42C625D2469500E1F8E9 /* AppDelegate.swift */ = {isa = PBXFileReference; lastKnownFileType = sourcecode.swift; path = AppDelegate.swift; sourceTree = "<group>"; };
		03FC42C825D2469500E1F8E9 /* SceneDelegate.swift */ = {isa = PBXFileReference; lastKnownFileType = sourcecode.swift; path = SceneDelegate.swift; sourceTree = "<group>"; };
		03FC42CD25D2469500E1F8E9 /* Base */ = {isa = PBXFileReference; lastKnownFileType = file.storyboard; name = Base; path = Base.lproj/Main.storyboard; sourceTree = "<group>"; };
		03FC42CF25D2469900E1F8E9 /* Assets.xcassets */ = {isa = PBXFileReference; lastKnownFileType = folder.assetcatalog; path = Assets.xcassets; sourceTree = "<group>"; };
		03FC42D225D2469900E1F8E9 /* Base */ = {isa = PBXFileReference; lastKnownFileType = file.storyboard; name = Base; path = Base.lproj/LaunchScreen.storyboard; sourceTree = "<group>"; };
		03FC42D425D2469900E1F8E9 /* Info.plist */ = {isa = PBXFileReference; lastKnownFileType = text.plist.xml; path = Info.plist; sourceTree = "<group>"; };
		03FC42E425D246FC00E1F8E9 /* Calculator.swift */ = {isa = PBXFileReference; lastKnownFileType = sourcecode.swift; path = Calculator.swift; sourceTree = "<group>"; };
		03FC42EA25D247EB00E1F8E9 /* StyleGuide.swift */ = {isa = PBXFileReference; lastKnownFileType = sourcecode.swift; path = StyleGuide.swift; sourceTree = "<group>"; };
		03FC42ED25D2481800E1F8E9 /* Colors.xcassets */ = {isa = PBXFileReference; lastKnownFileType = folder.assetcatalog; path = Colors.xcassets; sourceTree = "<group>"; };
		03FC42F225D24CAF00E1F8E9 /* CalculatorTextField.swift */ = {isa = PBXFileReference; lastKnownFileType = sourcecode.swift; path = CalculatorTextField.swift; sourceTree = "<group>"; };
		03FC42F725D24CD100E1F8E9 /* CalculatorLabel.swift */ = {isa = PBXFileReference; lastKnownFileType = sourcecode.swift; path = CalculatorLabel.swift; sourceTree = "<group>"; };
		03FC42FC25D24CF700E1F8E9 /* CalculatorButton.swift */ = {isa = PBXFileReference; lastKnownFileType = sourcecode.swift; path = CalculatorButton.swift; sourceTree = "<group>"; };
		03FC430025D24D1400E1F8E9 /* TipCalculatorViewController.swift */ = {isa = PBXFileReference; lastKnownFileType = sourcecode.swift; path = TipCalculatorViewController.swift; sourceTree = "<group>"; };
/* End PBXFileReference section */

/* Begin PBXFrameworksBuildPhase section */
		03FC42C025D2469500E1F8E9 /* Frameworks */ = {
			isa = PBXFrameworksBuildPhase;
			buildActionMask = 2147483647;
			files = (
			);
			runOnlyForDeploymentPostprocessing = 0;
		};
/* End PBXFrameworksBuildPhase section */

/* Begin PBXGroup section */
		03FC42BA25D2469500E1F8E9 = {
			isa = PBXGroup;
			children = (
				03FC42C525D2469500E1F8E9 /* TipCalculator */,
				03FC42C425D2469500E1F8E9 /* Products */,
			);
			sourceTree = "<group>";
		};
		03FC42C425D2469500E1F8E9 /* Products */ = {
			isa = PBXGroup;
			children = (
				03FC42C325D2469500E1F8E9 /* TipCalculator.app */,
			);
			name = Products;
			sourceTree = "<group>";
		};
		03FC42C525D2469500E1F8E9 /* TipCalculator */ = {
			isa = PBXGroup;
			children = (
				03FC42E925D247D800E1F8E9 /* Helpers & Extensions */,
				03FC42DF25D246C500E1F8E9 /* Model */,
				03FC42E125D246D500E1F8E9 /* Views */,
				03FC42E025D246CB00E1F8E9 /* Controllers */,
				03FC42DB25D246A500E1F8E9 /* Resources */,
			);
			path = TipCalculator;
			sourceTree = "<group>";
		};
		03FC42DB25D246A500E1F8E9 /* Resources */ = {
			isa = PBXGroup;
			children = (
				03FC42C625D2469500E1F8E9 /* AppDelegate.swift */,
				03FC42C825D2469500E1F8E9 /* SceneDelegate.swift */,
				03FC42CF25D2469900E1F8E9 /* Assets.xcassets */,
				03FC42D425D2469900E1F8E9 /* Info.plist */,
				03FC42ED25D2481800E1F8E9 /* Colors.xcassets */,
			);
			path = Resources;
			sourceTree = "<group>";
		};
		03FC42DF25D246C500E1F8E9 /* Model */ = {
			isa = PBXGroup;
			children = (
				03FC42E425D246FC00E1F8E9 /* Calculator.swift */,
			);
			path = Model;
			sourceTree = "<group>";
		};
		03FC42E025D246CB00E1F8E9 /* Controllers */ = {
			isa = PBXGroup;
			children = (
				03FC42E825D247C900E1F8E9 /* View Controllers */,
			);
			path = Controllers;
			sourceTree = "<group>";
		};
		03FC42E125D246D500E1F8E9 /* Views */ = {
			isa = PBXGroup;
			children = (
				03FC42FB25D24CE200E1F8E9 /* Custom Buttons */,
				03FC42F625D24CBF00E1F8E9 /* Custom Label */,
				03FC42F025D24C8D00E1F8E9 /* Custom TextFields */,
				03FC42E225D246D900E1F8E9 /* Storyboards */,
			);
			path = Views;
			sourceTree = "<group>";
		};
		03FC42E225D246D900E1F8E9 /* Storyboards */ = {
			isa = PBXGroup;
			children = (
				03FC42D125D2469900E1F8E9 /* LaunchScreen.storyboard */,
				03FC42CC25D2469500E1F8E9 /* Main.storyboard */,
			);
			path = Storyboards;
			sourceTree = "<group>";
		};
		03FC42E825D247C900E1F8E9 /* View Controllers */ = {
			isa = PBXGroup;
			children = (
				03FC430025D24D1400E1F8E9 /* TipCalculatorViewController.swift */,
			);
			path = "View Controllers";
			sourceTree = "<group>";
		};
		03FC42E925D247D800E1F8E9 /* Helpers & Extensions */ = {
			isa = PBXGroup;
			children = (
				03FC42EA25D247EB00E1F8E9 /* StyleGuide.swift */,
			);
			path = "Helpers & Extensions";
			sourceTree = "<group>";
		};
		03FC42F025D24C8D00E1F8E9 /* Custom TextFields */ = {
			isa = PBXGroup;
			children = (
				03FC42F225D24CAF00E1F8E9 /* CalculatorTextField.swift */,
			);
			path = "Custom TextFields";
			sourceTree = "<group>";
		};
		03FC42F625D24CBF00E1F8E9 /* Custom Label */ = {
			isa = PBXGroup;
			children = (
				03FC42F725D24CD100E1F8E9 /* CalculatorLabel.swift */,
			);
			path = "Custom Label";
			sourceTree = "<group>";
		};
		03FC42FB25D24CE200E1F8E9 /* Custom Buttons */ = {
			isa = PBXGroup;
			children = (
				03FC42FC25D24CF700E1F8E9 /* CalculatorButton.swift */,
			);
			path = "Custom Buttons";
			sourceTree = "<group>";
		};
/* End PBXGroup section */

/* Begin PBXNativeTarget section */
		03FC42C225D2469500E1F8E9 /* TipCalculator */ = {
			isa = PBXNativeTarget;
			buildConfigurationList = 03FC42D725D2469900E1F8E9 /* Build configuration list for PBXNativeTarget "TipCalculator" */;
			buildPhases = (
				03FC42BF25D2469500E1F8E9 /* Sources */,
				03FC42C025D2469500E1F8E9 /* Frameworks */,
				03FC42C125D2469500E1F8E9 /* Resources */,
			);
			buildRules = (
			);
			dependencies = (
			);
			name = TipCalculator;
			productName = TipCalculator;
			productReference = 03FC42C325D2469500E1F8E9 /* TipCalculator.app */;
			productType = "com.apple.product-type.application";
		};
/* End PBXNativeTarget section */

/* Begin PBXProject section */
		03FC42BB25D2469500E1F8E9 /* Project object */ = {
			isa = PBXProject;
			attributes = {
				LastSwiftUpdateCheck = 1240;
				LastUpgradeCheck = 1240;
				TargetAttributes = {
					03FC42C225D2469500E1F8E9 = {
						CreatedOnToolsVersion = 12.4;
					};
				};
			};
			buildConfigurationList = 03FC42BE25D2469500E1F8E9 /* Build configuration list for PBXProject "TipCalculator" */;
			compatibilityVersion = "Xcode 9.3";
			developmentRegion = en;
			hasScannedForEncodings = 0;
			knownRegions = (
				en,
				Base,
			);
			mainGroup = 03FC42BA25D2469500E1F8E9;
			productRefGroup = 03FC42C425D2469500E1F8E9 /* Products */;
			projectDirPath = "";
			projectRoot = "";
			targets = (
				03FC42C225D2469500E1F8E9 /* TipCalculator */,
			);
		};
/* End PBXProject section */

/* Begin PBXResourcesBuildPhase section */
		03FC42C125D2469500E1F8E9 /* Resources */ = {
			isa = PBXResourcesBuildPhase;
			buildActionMask = 2147483647;
			files = (
				03FC42D325D2469900E1F8E9 /* LaunchScreen.storyboard in Resources */,
				03FC42EE25D2481800E1F8E9 /* Colors.xcassets in Resources */,
				03FC42D025D2469900E1F8E9 /* Assets.xcassets in Resources */,
				03FC42CE25D2469500E1F8E9 /* Main.storyboard in Resources */,
			);
			runOnlyForDeploymentPostprocessing = 0;
		};
/* End PBXResourcesBuildPhase section */

/* Begin PBXSourcesBuildPhase section */
		03FC42BF25D2469500E1F8E9 /* Sources */ = {
			isa = PBXSourcesBuildPhase;
			buildActionMask = 2147483647;
			files = (
				03FC42C725D2469500E1F8E9 /* AppDelegate.swift in Sources */,
				03FC42FD25D24CF700E1F8E9 /* CalculatorButton.swift in Sources */,
				03FC42C925D2469500E1F8E9 /* SceneDelegate.swift in Sources */,
				03FC42EB25D247EB00E1F8E9 /* StyleGuide.swift in Sources */,
				03FC42F325D24CAF00E1F8E9 /* CalculatorTextField.swift in Sources */,
				03FC42F825D24CD100E1F8E9 /* CalculatorLabel.swift in Sources */,
				03FC430125D24D1400E1F8E9 /* TipCalculatorViewController.swift in Sources */,
				03FC42E525D246FC00E1F8E9 /* Calculator.swift in Sources */,
			);
			runOnlyForDeploymentPostprocessing = 0;
		};
/* End PBXSourcesBuildPhase section */

/* Begin PBXVariantGroup section */
		03FC42CC25D2469500E1F8E9 /* Main.storyboard */ = {
			isa = PBXVariantGroup;
			children = (
				03FC42CD25D2469500E1F8E9 /* Base */,
			);
			name = Main.storyboard;
			sourceTree = "<group>";
		};
		03FC42D125D2469900E1F8E9 /* LaunchScreen.storyboard */ = {
			isa = PBXVariantGroup;
			children = (
				03FC42D225D2469900E1F8E9 /* Base */,
			);
			name = LaunchScreen.storyboard;
			sourceTree = "<group>";
		};
/* End PBXVariantGroup section */

/* Begin XCBuildConfiguration section */
		03FC42D525D2469900E1F8E9 /* Debug */ = {
			isa = XCBuildConfiguration;
			buildSettings = {
				ALWAYS_SEARCH_USER_PATHS = NO;
				CLANG_ANALYZER_NONNULL = YES;
				CLANG_ANALYZER_NUMBER_OBJECT_CONVERSION = YES_AGGRESSIVE;
				CLANG_CXX_LANGUAGE_STANDARD = "gnu++14";
				CLANG_CXX_LIBRARY = "libc++";
				CLANG_ENABLE_MODULES = YES;
				CLANG_ENABLE_OBJC_ARC = YES;
				CLANG_ENABLE_OBJC_WEAK = YES;
				CLANG_WARN_BLOCK_CAPTURE_AUTORELEASING = YES;
				CLANG_WARN_BOOL_CONVERSION = YES;
				CLANG_WARN_COMMA = YES;
				CLANG_WARN_CONSTANT_CONVERSION = YES;
				CLANG_WARN_DEPRECATED_OBJC_IMPLEMENTATIONS = YES;
				CLANG_WARN_DIRECT_OBJC_ISA_USAGE = YES_ERROR;
				CLANG_WARN_DOCUMENTATION_COMMENTS = YES;
				CLANG_WARN_EMPTY_BODY = YES;
				CLANG_WARN_ENUM_CONVERSION = YES;
				CLANG_WARN_INFINITE_RECURSION = YES;
				CLANG_WARN_INT_CONVERSION = YES;
				CLANG_WARN_NON_LITERAL_NULL_CONVERSION = YES;
				CLANG_WARN_OBJC_IMPLICIT_RETAIN_SELF = YES;
				CLANG_WARN_OBJC_LITERAL_CONVERSION = YES;
				CLANG_WARN_OBJC_ROOT_CLASS = YES_ERROR;
				CLANG_WARN_QUOTED_INCLUDE_IN_FRAMEWORK_HEADER = YES;
				CLANG_WARN_RANGE_LOOP_ANALYSIS = YES;
				CLANG_WARN_STRICT_PROTOTYPES = YES;
				CLANG_WARN_SUSPICIOUS_MOVE = YES;
				CLANG_WARN_UNGUARDED_AVAILABILITY = YES_AGGRESSIVE;
				CLANG_WARN_UNREACHABLE_CODE = YES;
				CLANG_WARN__DUPLICATE_METHOD_MATCH = YES;
				COPY_PHASE_STRIP = NO;
				DEBUG_INFORMATION_FORMAT = dwarf;
				ENABLE_STRICT_OBJC_MSGSEND = YES;
				ENABLE_TESTABILITY = YES;
				GCC_C_LANGUAGE_STANDARD = gnu11;
				GCC_DYNAMIC_NO_PIC = NO;
				GCC_NO_COMMON_BLOCKS = YES;
				GCC_OPTIMIZATION_LEVEL = 0;
				GCC_PREPROCESSOR_DEFINITIONS = (
					"DEBUG=1",
					"$(inherited)",
				);
				GCC_WARN_64_TO_32_BIT_CONVERSION = YES;
				GCC_WARN_ABOUT_RETURN_TYPE = YES_ERROR;
				GCC_WARN_UNDECLARED_SELECTOR = YES;
				GCC_WARN_UNINITIALIZED_AUTOS = YES_AGGRESSIVE;
				GCC_WARN_UNUSED_FUNCTION = YES;
				GCC_WARN_UNUSED_VARIABLE = YES;
				IPHONEOS_DEPLOYMENT_TARGET = 14.4;
				MTL_ENABLE_DEBUG_INFO = INCLUDE_SOURCE;
				MTL_FAST_MATH = YES;
				ONLY_ACTIVE_ARCH = YES;
				SDKROOT = iphoneos;
				SWIFT_ACTIVE_COMPILATION_CONDITIONS = DEBUG;
				SWIFT_OPTIMIZATION_LEVEL = "-Onone";
			};
			name = Debug;
		};
		03FC42D625D2469900E1F8E9 /* Release */ = {
			isa = XCBuildConfiguration;
			buildSettings = {
				ALWAYS_SEARCH_USER_PATHS = NO;
				CLANG_ANALYZER_NONNULL = YES;
				CLANG_ANALYZER_NUMBER_OBJECT_CONVERSION = YES_AGGRESSIVE;
				CLANG_CXX_LANGUAGE_STANDARD = "gnu++14";
				CLANG_CXX_LIBRARY = "libc++";
				CLANG_ENABLE_MODULES = YES;
				CLANG_ENABLE_OBJC_ARC = YES;
				CLANG_ENABLE_OBJC_WEAK = YES;
				CLANG_WARN_BLOCK_CAPTURE_AUTORELEASING = YES;
				CLANG_WARN_BOOL_CONVERSION = YES;
				CLANG_WARN_COMMA = YES;
				CLANG_WARN_CONSTANT_CONVERSION = YES;
				CLANG_WARN_DEPRECATED_OBJC_IMPLEMENTATIONS = YES;
				CLANG_WARN_DIRECT_OBJC_ISA_USAGE = YES_ERROR;
				CLANG_WARN_DOCUMENTATION_COMMENTS = YES;
				CLANG_WARN_EMPTY_BODY = YES;
				CLANG_WARN_ENUM_CONVERSION = YES;
				CLANG_WARN_INFINITE_RECURSION = YES;
				CLANG_WARN_INT_CONVERSION = YES;
				CLANG_WARN_NON_LITERAL_NULL_CONVERSION = YES;
				CLANG_WARN_OBJC_IMPLICIT_RETAIN_SELF = YES;
				CLANG_WARN_OBJC_LITERAL_CONVERSION = YES;
				CLANG_WARN_OBJC_ROOT_CLASS = YES_ERROR;
				CLANG_WARN_QUOTED_INCLUDE_IN_FRAMEWORK_HEADER = YES;
				CLANG_WARN_RANGE_LOOP_ANALYSIS = YES;
				CLANG_WARN_STRICT_PROTOTYPES = YES;
				CLANG_WARN_SUSPICIOUS_MOVE = YES;
				CLANG_WARN_UNGUARDED_AVAILABILITY = YES_AGGRESSIVE;
				CLANG_WARN_UNREACHABLE_CODE = YES;
				CLANG_WARN__DUPLICATE_METHOD_MATCH = YES;
				COPY_PHASE_STRIP = NO;
				DEBUG_INFORMATION_FORMAT = "dwarf-with-dsym";
				ENABLE_NS_ASSERTIONS = NO;
				ENABLE_STRICT_OBJC_MSGSEND = YES;
				GCC_C_LANGUAGE_STANDARD = gnu11;
				GCC_NO_COMMON_BLOCKS = YES;
				GCC_WARN_64_TO_32_BIT_CONVERSION = YES;
				GCC_WARN_ABOUT_RETURN_TYPE = YES_ERROR;
				GCC_WARN_UNDECLARED_SELECTOR = YES;
				GCC_WARN_UNINITIALIZED_AUTOS = YES_AGGRESSIVE;
				GCC_WARN_UNUSED_FUNCTION = YES;
				GCC_WARN_UNUSED_VARIABLE = YES;
				IPHONEOS_DEPLOYMENT_TARGET = 14.4;
				MTL_ENABLE_DEBUG_INFO = NO;
				MTL_FAST_MATH = YES;
				SDKROOT = iphoneos;
				SWIFT_COMPILATION_MODE = wholemodule;
				SWIFT_OPTIMIZATION_LEVEL = "-O";
				VALIDATE_PRODUCT = YES;
			};
			name = Release;
		};
		03FC42D825D2469900E1F8E9 /* Debug */ = {
			isa = XCBuildConfiguration;
			buildSettings = {
				ASSETCATALOG_COMPILER_APPICON_NAME = AppIcon;
				ASSETCATALOG_COMPILER_GLOBAL_ACCENT_COLOR_NAME = AccentColor;
				CODE_SIGN_STYLE = Automatic;
				DEVELOPMENT_TEAM = 9J63HYQ843;
				INFOPLIST_FILE = TipCalculator/Resources/Info.plist;
				LD_RUNPATH_SEARCH_PATHS = (
					"$(inherited)",
					"@executable_path/Frameworks",
				);
				PRODUCT_BUNDLE_IDENTIFIER = com.devinflora.TipCalculator;
				PRODUCT_NAME = "$(TARGET_NAME)";
				SWIFT_VERSION = 5.0;
				TARGETED_DEVICE_FAMILY = "1,2";
			};
			name = Debug;
		};
		03FC42D925D2469900E1F8E9 /* Release */ = {
			isa = XCBuildConfiguration;
			buildSettings = {
				ASSETCATALOG_COMPILER_APPICON_NAME = AppIcon;
				ASSETCATALOG_COMPILER_GLOBAL_ACCENT_COLOR_NAME = AccentColor;
				CODE_SIGN_STYLE = Automatic;
				DEVELOPMENT_TEAM = 9J63HYQ843;
				INFOPLIST_FILE = TipCalculator/Resources/Info.plist;
				LD_RUNPATH_SEARCH_PATHS = (
					"$(inherited)",
					"@executable_path/Frameworks",
				);
				PRODUCT_BUNDLE_IDENTIFIER = com.devinflora.TipCalculator;
				PRODUCT_NAME = "$(TARGET_NAME)";
				SWIFT_VERSION = 5.0;
				TARGETED_DEVICE_FAMILY = "1,2";
			};
			name = Release;
		};
/* End XCBuildConfiguration section */

/* Begin XCConfigurationList section */
		03FC42BE25D2469500E1F8E9 /* Build configuration list for PBXProject "TipCalculator" */ = {
			isa = XCConfigurationList;
			buildConfigurations = (
				03FC42D525D2469900E1F8E9 /* Debug */,
				03FC42D625D2469900E1F8E9 /* Release */,
			);
			defaultConfigurationIsVisible = 0;
			defaultConfigurationName = Release;
		};
		03FC42D725D2469900E1F8E9 /* Build configuration list for PBXNativeTarget "TipCalculator" */ = {
			isa = XCConfigurationList;
			buildConfigurations = (
				03FC42D825D2469900E1F8E9 /* Debug */,
				03FC42D925D2469900E1F8E9 /* Release */,
			);
			defaultConfigurationIsVisible = 0;
			defaultConfigurationName = Release;
		};
/* End XCConfigurationList section */
	};
	rootObject = 03FC42BB25D2469500E1F8E9 /* Project object */;
}
